<?xml version="1.0" encoding="utf-8"?>
<Project ToolsVersion="4.0" xmlns="http://schemas.microsoft.com/developer/msbuild/2003">
  <ItemGroup>
    <Filter Include="Source Files">
      <UniqueIdentifier>{4FC737F1-C7A5-4376-A066-2A32D752A2FF}</UniqueIdentifier>
      <Extensions>cpp;c;cc;cxx;c++;cppm;ixx;def;odl;idl;hpj;bat;asm;asmx</Extensions>
    </Filter>
    <Filter Include="Header Files">
      <UniqueIdentifier>{93995380-89BD-4b04-88EB-625FBE52EBFB}</UniqueIdentifier>
      <Extensions>h;hh;hpp;hxx;h++;hm;inl;inc;ipp;xsd</Extensions>
    </Filter>
    <Filter Include="shaders">
      <UniqueIdentifier>{a0aa7101-299d-4682-a998-6f73010483d1}</UniqueIdentifier>
    </Filter>
    <Filter Include="Resource Files">
      <UniqueIdentifier>{67DA6AB6-F800-4c08-8B7A-83BB121AAD01}</UniqueIdentifier>
      <Extensions>rc;ico;cur;bmp;dlg;rc2;rct;bin;rgs;gif;jpg;jpeg;jpe;resx;tiff;tif;png;wav;mfcribbon-ms</Extensions>
    </Filter>
    <Filter Include="shaders\stencil">
      <UniqueIdentifier>{18e8db7f-cd1d-4520-9c71-4085794eea86}</UniqueIdentifier>
    </Filter>
    <Filter Include="shaders\normalShaders">
      <UniqueIdentifier>{ff9be0f5-4fff-43a6-bef2-889b280e7adc}</UniqueIdentifier>
    </Filter>
    <Filter Include="shaders\shader.">
      <UniqueIdentifier>{99971ebf-a02f-4792-b090-c2c4e0eaee79}</UniqueIdentifier>
    </Filter>
    <Filter Include="shaders\skybox">
      <UniqueIdentifier>{93388e42-626e-498f-8827-1d2bd460f8a7}</UniqueIdentifier>
    </Filter>
    <Filter Include="shaders\antialiasing">
      <UniqueIdentifier>{72aecad4-677c-47c1-99c6-f7985b20b5a5}</UniqueIdentifier>
    </Filter>
    <Filter Include="shaders\instancing">
      <UniqueIdentifier>{3c527f37-a22c-4f23-9caa-a4de07ab2941}</UniqueIdentifier>
    </Filter>
    <Filter Include="shaders\blinnphong">
      <UniqueIdentifier>{632114c2-e124-4c14-9c67-843977e25598}</UniqueIdentifier>
    </Filter>
    <Filter Include="shaders\shadowMapping">
      <UniqueIdentifier>{749d4687-e55f-48d8-9d2c-b982be9faa59}</UniqueIdentifier>
    </Filter>
    <Filter Include="shaders\normalMap">
      <UniqueIdentifier>{21c4bb42-fe87-4830-9f4a-26f98cceb851}</UniqueIdentifier>
    </Filter>
    <Filter Include="shaders\hdr">
      <UniqueIdentifier>{5b8b1789-ce11-41d4-9a18-6acd3fd29419}</UniqueIdentifier>
    </Filter>
    <Filter Include="shaders\deferred">
      <UniqueIdentifier>{cfa989d2-fcb1-493c-b766-85a870ed2eec}</UniqueIdentifier>
    </Filter>
    <Filter Include="shaders\ssao">
      <UniqueIdentifier>{f1dc37f6-aaad-4697-9d9d-4d3a403301a7}</UniqueIdentifier>
    </Filter>
  </ItemGroup>
  <ItemGroup>
    <ClCompile Include="glLearn.cpp">
      <Filter>Source Files</Filter>
    </ClCompile>
    <ClCompile Include="..\..\..\Downloads\glad\src\glad.c">
      <Filter>Resource Files</Filter>
    </ClCompile>
    <ClCompile Include="stbcheck.cpp">
      <Filter>Source Files</Filter>
    </ClCompile>
  </ItemGroup>
  <ItemGroup>
    <ClInclude Include="shader.h">
      <Filter>Header Files</Filter>
    </ClInclude>
    <ClInclude Include="..\..\..\Downloads\stb_image.h">
      <Filter>Header Files</Filter>
    </ClInclude>
    <ClInclude Include="resource.h">
      <Filter>Header Files</Filter>
    </ClInclude>
    <ClInclude Include="camera.h">
      <Filter>Header Files</Filter>
    </ClInclude>
    <ClInclude Include="model.h">
      <Filter>Header Files</Filter>
    </ClInclude>
    <ClInclude Include="mesh.h">
      <Filter>Header Files</Filter>
    </ClInclude>
  </ItemGroup>
  <ItemGroup>
    <None Include="fragment.fss">
      <Filter>shaders</Filter>
    </None>
    <None Include="vertex.vs">
      <Filter>shaders</Filter>
    </None>
    <None Include="fragLight.fss">
      <Filter>shaders</Filter>
    </None>
    <None Include="vertLight.vs">
      <Filter>shaders</Filter>
    </None>
    <None Include="modelFrag.frag">
      <Filter>shaders</Filter>
    </None>
    <None Include="stencilFrag.frag">
      <Filter>shaders\stencil</Filter>
    </None>
    <None Include="stencilVert.vs">
      <Filter>shaders\stencil</Filter>
    </None>
    <None Include="normal.frag">
      <Filter>shaders\normalShaders</Filter>
    </None>
    <None Include="normal.vs">
      <Filter>shaders\normalShaders</Filter>
    </None>
    <None Include="shader.frag">
      <Filter>shaders\shader.</Filter>
    </None>
    <None Include="shader.vs">
      <Filter>shaders\shader.</Filter>
    </None>
    <None Include="skybox.vs">
      <Filter>shaders\skybox</Filter>
    </None>
    <None Include="vertLightCube.vs">
      <Filter>shaders</Filter>
    </None>
    <None Include="skybox.frag">
      <Filter>shaders\skybox</Filter>
    </None>
    <None Include="geometryShader.gs">
      <Filter>shaders</Filter>
    </None>
    <None Include="vertexNormal.vs">
      <Filter>shaders</Filter>
    </None>
    <None Include="normalGeo.gs">
      <Filter>shaders</Filter>
    </None>
    <None Include="normalFragG.frag">
      <Filter>shaders</Filter>
    </None>
    <None Include="anti.vs">
      <Filter>shaders\antialiasing</Filter>
    </None>
    <None Include="anti.frag">
      <Filter>shaders\antialiasing</Filter>
    </None>
    <None Include="simpleVert.vs">
      <Filter>shaders\instancing</Filter>
    </None>
    <None Include="default.frag">
      <Filter>shaders\instancing</Filter>
    </None>
    <None Include="antiScreen.frag">
      <Filter>shaders\antialiasing</Filter>
    </None>
    <None Include="blinn.frag">
      <Filter>shaders\blinnphong</Filter>
    </None>
    <None Include="blinn.vs">
      <Filter>shaders\blinnphong</Filter>
    </None>
    <None Include="shadowMap.frag">
      <Filter>shaders\shadowMapping</Filter>
    </None>
    <None Include="shadowMap.vs">
      <Filter>shaders\shadowMapping</Filter>
    </None>
    <None Include="debugShadowMap.frag">
      <Filter>shaders\shadowMapping</Filter>
    </None>
    <None Include="debugShadowMap.vs">
      <Filter>shaders\shadowMapping</Filter>
    </None>
    <None Include="camShader.frag">
      <Filter>shaders\shadowMapping</Filter>
    </None>
    <None Include="shadowMap.gs">
      <Filter>shaders\shadowMapping</Filter>
    </None>
    <None Include="camShader2.frag">
      <Filter>shaders\shadowMapping</Filter>
    </None>
    <None Include="normalMap.vs">
      <Filter>shaders\normalMap</Filter>
    </None>
    <None Include="normalMap.frag">
      <Filter>shaders\normalMap</Filter>
    </None>
    <None Include="camShader.vs">
      <Filter>shaders\shadowMapping</Filter>
    </None>
    <None Include="parallaxMap.frag">
      <Filter>shaders\normalMap</Filter>
    </None>
    <None Include="parallaxMap.vs">
      <Filter>shaders\normalMap</Filter>
    </None>
    <None Include="hdr.vs">
      <Filter>shaders\hdr</Filter>
    </None>
    <None Include="hdr.frag">
      <Filter>shaders\hdr</Filter>
    </None>
    <None Include="lightinghdr.frag">
      <Filter>shaders\hdr</Filter>
    </None>
    <None Include="lightinghdr.vs">
      <Filter>shaders\hdr</Filter>
    </None>
    <None Include="lightBox.frag">
      <Filter>shaders\hdr</Filter>
    </None>
    <None Include="blur.frag">
      <Filter>shaders\hdr</Filter>
    </None>
    <None Include="blur.vs">
      <Filter>shaders\hdr</Filter>
    </None>
    <None Include="bloomFinal.frag">
      <Filter>shaders\hdr</Filter>
    </None>
    <None Include="bloomFinal.vs">
      <Filter>shaders\hdr</Filter>
    </None>
    <None Include="deferredLightBox.frag">
      <Filter>shaders\deferred</Filter>
    </None>
    <None Include="deferredLightBox.vs">
      <Filter>shaders\deferred</Filter>
    </None>
    <None Include="deferredShading.frag">
      <Filter>shaders\deferred</Filter>
    </None>
    <None Include="deferredShading.vs">
      <Filter>shaders\deferred</Filter>
    </None>
    <None Include="gbuffer.frag">
      <Filter>shaders\deferred</Filter>
    </None>
    <None Include="gbuffer.vs">
      <Filter>shaders\deferred</Filter>
    </None>
    <None Include="ssao.frag">
      <Filter>shaders\ssao</Filter>
    </None>
    <None Include="ssao.vs">
      <Filter>shaders\ssao</Filter>
    </None>
    <None Include="ssaoBlur.frag">
      <Filter>shaders\ssao</Filter>
    </None>
    <None Include="ssaoGeometry.frag">
      <Filter>shaders\ssao</Filter>
    </None>
    <None Include="ssaoGeometry.vs">
      <Filter>shaders\ssao</Filter>
    </None>
    <None Include="ssaoLighting.frag">
      <Filter>shaders\ssao</Filter>
    </None>
  </ItemGroup>
</Project>